
Microsoft Visual Studio Solution File, Format Version 12.00
# Visual Studio Version 17
VisualStudioVersion = 17.11.35222.181
MinimumVisualStudioVersion = 10.0.40219.1
Project("{FAE04EC0-301F-11D3-BF4B-00C04F79EFBC}") = "CounterJakubWitkowski", "CounterJakubWitkowski.csproj", "{DD748887-ABE3-4970-8338-A6C993A09D14}"
EndProject
Global
	GlobalSection(SolutionConfigurationPlatforms) = preSolution
		Debug|Any CPU = Debug|Any CPU
		Release|Any CPU = Release|Any CPU
	EndGlobalSection
	GlobalSection(ProjectConfigurationPlatforms) = postSolution
		{DD748887-ABE3-4970-8338-A6C993A09D14}.Debug|Any CPU.ActiveCfg = Debug|Any CPU
		{DD748887-ABE3-4970-8338-A6C993A09D14}.Debug|Any CPU.Build.0 = Debug|Any CPU
		{DD748887-ABE3-4970-8338-A6C993A09D14}.Debug|Any CPU.Deploy.0 = Debug|Any CPU
		{DD748887-ABE3-4970-8338-A6C993A09D14}.Release|Any CPU.ActiveCfg = Release|Any CPU
		{DD748887-ABE3-4970-8338-A6C993A09D14}.Release|Any CPU.Build.0 = Release|Any CPU
		{DD748887-ABE3-4970-8338-A6C993A09D14}.Release|Any CPU.Deploy.0 = Release|Any CPU
	EndGlobalSection
	GlobalSection(SolutionProperties) = preSolution
		HideSolutionNode = FALSE
	EndGlobalSection
	GlobalSection(ExtensibilityGlobals) = postSolution
		SolutionGuid = {20C91A49-E68B-4DBC-91E7-7E67D93C33F7}
	EndGlobalSection
EndGlobal
